
Microsoft Visual Studio Solution File, Format Version 12.00
# Visual Studio Version 17
VisualStudioVersion = 17.13.35825.156 d17.13
MinimumVisualStudioVersion = 10.0.40219.1
Project("{FAE04EC0-301F-11D3-BF4B-00C04F79EFBC}") = "Assignment_day_5_class_2", "Assignment_day_5_class_2\Assignment_day_5_class_2.csproj", "{512A5F70-96EE-4178-9F19-30E67E1FD21B}"
EndProject
Global
	GlobalSection(SolutionConfigurationPlatforms) = preSolution
		Debug|Any CPU = Debug|Any CPU
		Release|Any CPU = Release|Any CPU
	EndGlobalSection
	GlobalSection(ProjectConfigurationPlatforms) = postSolution
		{512A5F70-96EE-4178-9F19-30E67E1FD21B}.Debug|Any CPU.ActiveCfg = Debug|Any CPU
		{512A5F70-96EE-4178-9F19-30E67E1FD21B}.Debug|Any CPU.Build.0 = Debug|Any CPU
		{512A5F70-96EE-4178-9F19-30E67E1FD21B}.Release|Any CPU.ActiveCfg = Release|Any CPU
		{512A5F70-96EE-4178-9F19-30E67E1FD21B}.Release|Any CPU.Build.0 = Release|Any CPU
	EndGlobalSection
	GlobalSection(SolutionProperties) = preSolution
		HideSolutionNode = FALSE
	EndGlobalSection
	GlobalSection(ExtensibilityGlobals) = postSolution
		SolutionGuid = {FF39BFC4-09F6-4183-8AF9-269568579944}
	EndGlobalSection
EndGlobal
