
Microsoft Visual Studio Solution File, Format Version 12.00
# Visual Studio Version 17
VisualStudioVersion = 17.13.35825.156 d17.13
MinimumVisualStudioVersion = 10.0.40219.1
Project("{FAE04EC0-301F-11D3-BF4B-00C04F79EFBC}") = "Assignment3", "Assignment3\Assignment3.csproj", "{DE7952A9-7EBD-4AD7-98A7-375FA1F969E5}"
EndProject
Global
	GlobalSection(SolutionConfigurationPlatforms) = preSolution
		Debug|Any CPU = Debug|Any CPU
		Release|Any CPU = Release|Any CPU
	EndGlobalSection
	GlobalSection(ProjectConfigurationPlatforms) = postSolution
		{DE7952A9-7EBD-4AD7-98A7-375FA1F969E5}.Debug|Any CPU.ActiveCfg = Debug|Any CPU
		{DE7952A9-7EBD-4AD7-98A7-375FA1F969E5}.Debug|Any CPU.Build.0 = Debug|Any CPU
		{DE7952A9-7EBD-4AD7-98A7-375FA1F969E5}.Release|Any CPU.ActiveCfg = Release|Any CPU
		{DE7952A9-7EBD-4AD7-98A7-375FA1F969E5}.Release|Any CPU.Build.0 = Release|Any CPU
	EndGlobalSection
	GlobalSection(SolutionProperties) = preSolution
		HideSolutionNode = FALSE
	EndGlobalSection
	GlobalSection(ExtensibilityGlobals) = postSolution
		SolutionGuid = {B467F9EC-7360-48B8-99C5-7B1E2D94982B}
	EndGlobalSection
EndGlobal
