
Microsoft Visual Studio Solution File, Format Version 12.00
# Visual Studio Version 17
VisualStudioVersion = 17.13.35825.156 d17.13
MinimumVisualStudioVersion = 10.0.40219.1
Project("{FAE04EC0-301F-11D3-BF4B-00C04F79EFBC}") = "Assignment", "Assignment\Assignment.csproj", "{65016A70-AFDB-4BE7-9ECD-603DCB6AD2B2}"
EndProject
Global
	GlobalSection(SolutionConfigurationPlatforms) = preSolution
		Debug|Any CPU = Debug|Any CPU
		Release|Any CPU = Release|Any CPU
	EndGlobalSection
	GlobalSection(ProjectConfigurationPlatforms) = postSolution
		{65016A70-AFDB-4BE7-9ECD-603DCB6AD2B2}.Debug|Any CPU.ActiveCfg = Debug|Any CPU
		{65016A70-AFDB-4BE7-9ECD-603DCB6AD2B2}.Debug|Any CPU.Build.0 = Debug|Any CPU
		{65016A70-AFDB-4BE7-9ECD-603DCB6AD2B2}.Release|Any CPU.ActiveCfg = Release|Any CPU
		{65016A70-AFDB-4BE7-9ECD-603DCB6AD2B2}.Release|Any CPU.Build.0 = Release|Any CPU
	EndGlobalSection
	GlobalSection(SolutionProperties) = preSolution
		HideSolutionNode = FALSE
	EndGlobalSection
	GlobalSection(ExtensibilityGlobals) = postSolution
		SolutionGuid = {7ED1F6EF-9947-425B-9B34-4CE11472A8EB}
	EndGlobalSection
EndGlobal
