
Microsoft Visual Studio Solution File, Format Version 12.00
# Visual Studio Version 17
VisualStudioVersion = 17.13.35825.156 d17.13
MinimumVisualStudioVersion = 10.0.40219.1
Project("{FAE04EC0-301F-11D3-BF4B-00C04F79EFBC}") = "C#-CodingChallenge", "C#-CodingChallenge\C#-CodingChallenge.csproj", "{D83B7A0F-ACE8-4C28-9E33-A437C635C4A5}"
EndProject
Global
	GlobalSection(SolutionConfigurationPlatforms) = preSolution
		Debug|Any CPU = Debug|Any CPU
		Release|Any CPU = Release|Any CPU
	EndGlobalSection
	GlobalSection(ProjectConfigurationPlatforms) = postSolution
		{D83B7A0F-ACE8-4C28-9E33-A437C635C4A5}.Debug|Any CPU.ActiveCfg = Debug|Any CPU
		{D83B7A0F-ACE8-4C28-9E33-A437C635C4A5}.Debug|Any CPU.Build.0 = Debug|Any CPU
		{D83B7A0F-ACE8-4C28-9E33-A437C635C4A5}.Release|Any CPU.ActiveCfg = Release|Any CPU
		{D83B7A0F-ACE8-4C28-9E33-A437C635C4A5}.Release|Any CPU.Build.0 = Release|Any CPU
	EndGlobalSection
	GlobalSection(SolutionProperties) = preSolution
		HideSolutionNode = FALSE
	EndGlobalSection
	GlobalSection(ExtensibilityGlobals) = postSolution
		SolutionGuid = {114CD7B2-660F-42D5-BE78-773785D56A2E}
	EndGlobalSection
EndGlobal
